
Microsoft Visual Studio Solution File, Format Version 12.00
# Visual Studio 15
VisualStudioVersion = 15.0.27130.2027
MinimumVisualStudioVersion = 10.0.40219.1
Project("{FAE04EC0-301F-11D3-BF4B-00C04F79EFBC}") = "DataLayer", "DataLayer\DataLayer.csproj", "{4FFD06F8-2FF8-4D0D-963E-50002C98F211}"
EndProject
Project("{FAE04EC0-301F-11D3-BF4B-00C04F79EFBC}") = "Service", "Service\Service.csproj", "{7E66DA72-0D4C-454C-84EA-73B6B53139E8}"
EndProject
Global
	GlobalSection(SolutionConfigurationPlatforms) = preSolution
		Debug|Any CPU = Debug|Any CPU
		Release|Any CPU = Release|Any CPU
	EndGlobalSection
	GlobalSection(ProjectConfigurationPlatforms) = postSolution
		{4FFD06F8-2FF8-4D0D-963E-50002C98F211}.Debug|Any CPU.ActiveCfg = Debug|Any CPU
		{4FFD06F8-2FF8-4D0D-963E-50002C98F211}.Debug|Any CPU.Build.0 = Debug|Any CPU
		{4FFD06F8-2FF8-4D0D-963E-50002C98F211}.Release|Any CPU.ActiveCfg = Release|Any CPU
		{4FFD06F8-2FF8-4D0D-963E-50002C98F211}.Release|Any CPU.Build.0 = Release|Any CPU
		{7E66DA72-0D4C-454C-84EA-73B6B53139E8}.Debug|Any CPU.ActiveCfg = Debug|Any CPU
		{7E66DA72-0D4C-454C-84EA-73B6B53139E8}.Debug|Any CPU.Build.0 = Debug|Any CPU
		{7E66DA72-0D4C-454C-84EA-73B6B53139E8}.Release|Any CPU.ActiveCfg = Release|Any CPU
		{7E66DA72-0D4C-454C-84EA-73B6B53139E8}.Release|Any CPU.Build.0 = Release|Any CPU
	EndGlobalSection
	GlobalSection(SolutionProperties) = preSolution
		HideSolutionNode = FALSE
	EndGlobalSection
	GlobalSection(ExtensibilityGlobals) = postSolution
		SolutionGuid = {DA40A1CF-6975-4592-8EDA-C65793C18BA2}
	EndGlobalSection
EndGlobal
